
Microsoft Visual Studio Solution File, Format Version 12.00
# Visual Studio Version 17
VisualStudioVersion = 17.0.31903.59
MinimumVisualStudioVersion = 10.0.40219.1
Project("{FAE04EC0-301F-11D3-BF4B-00C04F79EFBC}") = "Bl.OpenAi.Sample", "Bl.OpenAi.Sample\Bl.OpenAi.Sample.csproj", "{7E47C359-BFC2-4420-B59F-E99C0B170B7C}"
EndProject
Project("{FAE04EC0-301F-11D3-BF4B-00C04F79EFBC}") = "Bl.OpenAi.Sample.Chat", "Bl.OpenAi.Sample.Chat\Bl.OpenAi.Sample.Chat.csproj", "{5E1B2F13-8E92-4A24-A6BE-2A3B7E77DC23}"
EndProject
Project("{FAE04EC0-301F-11D3-BF4B-00C04F79EFBC}") = "Bl.OpenAi.Sample.Image", "Bl.OpenAi.Sample.Image\Bl.OpenAi.Sample.Image.csproj", "{BD6DE4CB-7951-4311-BACA-52E709EE70C2}"
EndProject
Project("{FAE04EC0-301F-11D3-BF4B-00C04F79EFBC}") = "Bl.OpenAi.Sample.RAG", "Bl.OpenAi.Sample.RAG\Bl.OpenAi.Sample.RAG.csproj", "{CE127791-9B85-4DAE-ADA1-CA035E94D442}"
EndProject
Global
	GlobalSection(SolutionConfigurationPlatforms) = preSolution
		Debug|Any CPU = Debug|Any CPU
		Debug|x64 = Debug|x64
		Debug|x86 = Debug|x86
		Release|Any CPU = Release|Any CPU
		Release|x64 = Release|x64
		Release|x86 = Release|x86
	EndGlobalSection
	GlobalSection(ProjectConfigurationPlatforms) = postSolution
		{7E47C359-BFC2-4420-B59F-E99C0B170B7C}.Debug|Any CPU.ActiveCfg = Debug|Any CPU
		{7E47C359-BFC2-4420-B59F-E99C0B170B7C}.Debug|Any CPU.Build.0 = Debug|Any CPU
		{7E47C359-BFC2-4420-B59F-E99C0B170B7C}.Debug|x64.ActiveCfg = Debug|Any CPU
		{7E47C359-BFC2-4420-B59F-E99C0B170B7C}.Debug|x64.Build.0 = Debug|Any CPU
		{7E47C359-BFC2-4420-B59F-E99C0B170B7C}.Debug|x86.ActiveCfg = Debug|Any CPU
		{7E47C359-BFC2-4420-B59F-E99C0B170B7C}.Debug|x86.Build.0 = Debug|Any CPU
		{7E47C359-BFC2-4420-B59F-E99C0B170B7C}.Release|Any CPU.ActiveCfg = Release|Any CPU
		{7E47C359-BFC2-4420-B59F-E99C0B170B7C}.Release|Any CPU.Build.0 = Release|Any CPU
		{7E47C359-BFC2-4420-B59F-E99C0B170B7C}.Release|x64.ActiveCfg = Release|Any CPU
		{7E47C359-BFC2-4420-B59F-E99C0B170B7C}.Release|x64.Build.0 = Release|Any CPU
		{7E47C359-BFC2-4420-B59F-E99C0B170B7C}.Release|x86.ActiveCfg = Release|Any CPU
		{7E47C359-BFC2-4420-B59F-E99C0B170B7C}.Release|x86.Build.0 = Release|Any CPU
		{5E1B2F13-8E92-4A24-A6BE-2A3B7E77DC23}.Debug|Any CPU.ActiveCfg = Debug|Any CPU
		{5E1B2F13-8E92-4A24-A6BE-2A3B7E77DC23}.Debug|Any CPU.Build.0 = Debug|Any CPU
		{5E1B2F13-8E92-4A24-A6BE-2A3B7E77DC23}.Debug|x64.ActiveCfg = Debug|Any CPU
		{5E1B2F13-8E92-4A24-A6BE-2A3B7E77DC23}.Debug|x64.Build.0 = Debug|Any CPU
		{5E1B2F13-8E92-4A24-A6BE-2A3B7E77DC23}.Debug|x86.ActiveCfg = Debug|Any CPU
		{5E1B2F13-8E92-4A24-A6BE-2A3B7E77DC23}.Debug|x86.Build.0 = Debug|Any CPU
		{5E1B2F13-8E92-4A24-A6BE-2A3B7E77DC23}.Release|Any CPU.ActiveCfg = Release|Any CPU
		{5E1B2F13-8E92-4A24-A6BE-2A3B7E77DC23}.Release|Any CPU.Build.0 = Release|Any CPU
		{5E1B2F13-8E92-4A24-A6BE-2A3B7E77DC23}.Release|x64.ActiveCfg = Release|Any CPU
		{5E1B2F13-8E92-4A24-A6BE-2A3B7E77DC23}.Release|x64.Build.0 = Release|Any CPU
		{5E1B2F13-8E92-4A24-A6BE-2A3B7E77DC23}.Release|x86.ActiveCfg = Release|Any CPU
		{5E1B2F13-8E92-4A24-A6BE-2A3B7E77DC23}.Release|x86.Build.0 = Release|Any CPU
		{BD6DE4CB-7951-4311-BACA-52E709EE70C2}.Debug|Any CPU.ActiveCfg = Debug|Any CPU
		{BD6DE4CB-7951-4311-BACA-52E709EE70C2}.Debug|Any CPU.Build.0 = Debug|Any CPU
		{BD6DE4CB-7951-4311-BACA-52E709EE70C2}.Debug|x64.ActiveCfg = Debug|Any CPU
		{BD6DE4CB-7951-4311-BACA-52E709EE70C2}.Debug|x64.Build.0 = Debug|Any CPU
		{BD6DE4CB-7951-4311-BACA-52E709EE70C2}.Debug|x86.ActiveCfg = Debug|Any CPU
		{BD6DE4CB-7951-4311-BACA-52E709EE70C2}.Debug|x86.Build.0 = Debug|Any CPU
		{BD6DE4CB-7951-4311-BACA-52E709EE70C2}.Release|Any CPU.ActiveCfg = Release|Any CPU
		{BD6DE4CB-7951-4311-BACA-52E709EE70C2}.Release|Any CPU.Build.0 = Release|Any CPU
		{BD6DE4CB-7951-4311-BACA-52E709EE70C2}.Release|x64.ActiveCfg = Release|Any CPU
		{BD6DE4CB-7951-4311-BACA-52E709EE70C2}.Release|x64.Build.0 = Release|Any CPU
		{BD6DE4CB-7951-4311-BACA-52E709EE70C2}.Release|x86.ActiveCfg = Release|Any CPU
		{BD6DE4CB-7951-4311-BACA-52E709EE70C2}.Release|x86.Build.0 = Release|Any CPU
		{CE127791-9B85-4DAE-ADA1-CA035E94D442}.Debug|Any CPU.ActiveCfg = Debug|Any CPU
		{CE127791-9B85-4DAE-ADA1-CA035E94D442}.Debug|Any CPU.Build.0 = Debug|Any CPU
		{CE127791-9B85-4DAE-ADA1-CA035E94D442}.Debug|x64.ActiveCfg = Debug|Any CPU
		{CE127791-9B85-4DAE-ADA1-CA035E94D442}.Debug|x64.Build.0 = Debug|Any CPU
		{CE127791-9B85-4DAE-ADA1-CA035E94D442}.Debug|x86.ActiveCfg = Debug|Any CPU
		{CE127791-9B85-4DAE-ADA1-CA035E94D442}.Debug|x86.Build.0 = Debug|Any CPU
		{CE127791-9B85-4DAE-ADA1-CA035E94D442}.Release|Any CPU.ActiveCfg = Release|Any CPU
		{CE127791-9B85-4DAE-ADA1-CA035E94D442}.Release|Any CPU.Build.0 = Release|Any CPU
		{CE127791-9B85-4DAE-ADA1-CA035E94D442}.Release|x64.ActiveCfg = Release|Any CPU
		{CE127791-9B85-4DAE-ADA1-CA035E94D442}.Release|x64.Build.0 = Release|Any CPU
		{CE127791-9B85-4DAE-ADA1-CA035E94D442}.Release|x86.ActiveCfg = Release|Any CPU
		{CE127791-9B85-4DAE-ADA1-CA035E94D442}.Release|x86.Build.0 = Release|Any CPU
	EndGlobalSection
	GlobalSection(SolutionProperties) = preSolution
		HideSolutionNode = FALSE
	EndGlobalSection
EndGlobal
